
Microsoft Visual Studio Solution File, Format Version 12.00
# Visual Studio Version 16
VisualStudioVersion = 16.0.30804.86
MinimumVisualStudioVersion = 10.0.40219.1
Project("{FAE04EC0-301F-11D3-BF4B-00C04F79EFBC}") = "Course", "Course\Course.csproj", "{EE0CD99E-B72E-4A5E-A8E7-27A6E44C9525}"
EndProject
Global
	GlobalSection(SolutionConfigurationPlatforms) = preSolution
		Debug|Any CPU = Debug|Any CPU
		Release|Any CPU = Release|Any CPU
	EndGlobalSection
	GlobalSection(ProjectConfigurationPlatforms) = postSolution
		{EE0CD99E-B72E-4A5E-A8E7-27A6E44C9525}.Debug|Any CPU.ActiveCfg = Debug|Any CPU
		{EE0CD99E-B72E-4A5E-A8E7-27A6E44C9525}.Debug|Any CPU.Build.0 = Debug|Any CPU
		{EE0CD99E-B72E-4A5E-A8E7-27A6E44C9525}.Release|Any CPU.ActiveCfg = Release|Any CPU
		{EE0CD99E-B72E-4A5E-A8E7-27A6E44C9525}.Release|Any CPU.Build.0 = Release|Any CPU
	EndGlobalSection
	GlobalSection(SolutionProperties) = preSolution
		HideSolutionNode = FALSE
	EndGlobalSection
	GlobalSection(ExtensibilityGlobals) = postSolution
		SolutionGuid = {64BFF43D-FD88-4C63-A0EE-B056811E38B5}
	EndGlobalSection
EndGlobal
